
Microsoft Visual Studio Solution File, Format Version 12.00
# Visual Studio 15
VisualStudioVersion = 15.0.27428.2043
MinimumVisualStudioVersion = 10.0.40219.1
Project("{FAE04EC0-301F-11D3-BF4B-00C04F79EFBC}") = "FaceAnalyzer.Android", "FaceAnalyzer\FaceAnalyzer.Android\FaceAnalyzer.Android.csproj", "{439B6E4E-3AEE-4012-ACB1-5C1420266C7F}"
EndProject
Project("{FAE04EC0-301F-11D3-BF4B-00C04F79EFBC}") = "FaceAnalyzer.iOS", "FaceAnalyzer\FaceAnalyzer.iOS\FaceAnalyzer.iOS.csproj", "{87F31B15-03E2-4DE1-A9BF-D8D71C43E24A}"
EndProject
Project("{FAE04EC0-301F-11D3-BF4B-00C04F79EFBC}") = "FaceAnalyzer.UWP", "FaceAnalyzer\FaceAnalyzer.UWP\FaceAnalyzer.UWP.csproj", "{E2CFEC44-F6C2-4677-9876-F18BCA087566}"
EndProject
Project("{FAE04EC0-301F-11D3-BF4B-00C04F79EFBC}") = "FaceAnalyzer", "FaceAnalyzer\FaceAnalyzer\FaceAnalyzer.csproj", "{5C554D1D-0AB5-437B-87A9-46A88A9E9DCF}"
EndProject
Global
	GlobalSection(SolutionConfigurationPlatforms) = preSolution
		Ad-Hoc|Any CPU = Ad-Hoc|Any CPU
		Ad-Hoc|ARM = Ad-Hoc|ARM
		Ad-Hoc|iPhone = Ad-Hoc|iPhone
		Ad-Hoc|iPhoneSimulator = Ad-Hoc|iPhoneSimulator
		Ad-Hoc|x64 = Ad-Hoc|x64
		Ad-Hoc|x86 = Ad-Hoc|x86
		AppStore|Any CPU = AppStore|Any CPU
		AppStore|ARM = AppStore|ARM
		AppStore|iPhone = AppStore|iPhone
		AppStore|iPhoneSimulator = AppStore|iPhoneSimulator
		AppStore|x64 = AppStore|x64
		AppStore|x86 = AppStore|x86
		Debug|Any CPU = Debug|Any CPU
		Debug|ARM = Debug|ARM
		Debug|iPhone = Debug|iPhone
		Debug|iPhoneSimulator = Debug|iPhoneSimulator
		Debug|x64 = Debug|x64
		Debug|x86 = Debug|x86
		Release|Any CPU = Release|Any CPU
		Release|ARM = Release|ARM
		Release|iPhone = Release|iPhone
		Release|iPhoneSimulator = Release|iPhoneSimulator
		Release|x64 = Release|x64
		Release|x86 = Release|x86
	EndGlobalSection
	GlobalSection(ProjectConfigurationPlatforms) = postSolution
		{439B6E4E-3AEE-4012-ACB1-5C1420266C7F}.Ad-Hoc|Any CPU.ActiveCfg = Release|Any CPU
		{439B6E4E-3AEE-4012-ACB1-5C1420266C7F}.Ad-Hoc|Any CPU.Build.0 = Release|Any CPU
		{439B6E4E-3AEE-4012-ACB1-5C1420266C7F}.Ad-Hoc|Any CPU.Deploy.0 = Release|Any CPU
		{439B6E4E-3AEE-4012-ACB1-5C1420266C7F}.Ad-Hoc|ARM.ActiveCfg = Release|Any CPU
		{439B6E4E-3AEE-4012-ACB1-5C1420266C7F}.Ad-Hoc|ARM.Build.0 = Release|Any CPU
		{439B6E4E-3AEE-4012-ACB1-5C1420266C7F}.Ad-Hoc|ARM.Deploy.0 = Release|Any CPU
		{439B6E4E-3AEE-4012-ACB1-5C1420266C7F}.Ad-Hoc|iPhone.ActiveCfg = Release|Any CPU
		{439B6E4E-3AEE-4012-ACB1-5C1420266C7F}.Ad-Hoc|iPhone.Build.0 = Release|Any CPU
		{439B6E4E-3AEE-4012-ACB1-5C1420266C7F}.Ad-Hoc|iPhone.Deploy.0 = Release|Any CPU
		{439B6E4E-3AEE-4012-ACB1-5C1420266C7F}.Ad-Hoc|iPhoneSimulator.ActiveCfg = Release|Any CPU
		{439B6E4E-3AEE-4012-ACB1-5C1420266C7F}.Ad-Hoc|iPhoneSimulator.Build.0 = Release|Any CPU
		{439B6E4E-3AEE-4012-ACB1-5C1420266C7F}.Ad-Hoc|iPhoneSimulator.Deploy.0 = Release|Any CPU
		{439B6E4E-3AEE-4012-ACB1-5C1420266C7F}.Ad-Hoc|x64.ActiveCfg = Release|Any CPU
		{439B6E4E-3AEE-4012-ACB1-5C1420266C7F}.Ad-Hoc|x64.Build.0 = Release|Any CPU
		{439B6E4E-3AEE-4012-ACB1-5C1420266C7F}.Ad-Hoc|x64.Deploy.0 = Release|Any CPU
		{439B6E4E-3AEE-4012-ACB1-5C1420266C7F}.Ad-Hoc|x86.ActiveCfg = Release|Any CPU
		{439B6E4E-3AEE-4012-ACB1-5C1420266C7F}.Ad-Hoc|x86.Build.0 = Release|Any CPU
		{439B6E4E-3AEE-4012-ACB1-5C1420266C7F}.Ad-Hoc|x86.Deploy.0 = Release|Any CPU
		{439B6E4E-3AEE-4012-ACB1-5C1420266C7F}.AppStore|Any CPU.ActiveCfg = Release|Any CPU
		{439B6E4E-3AEE-4012-ACB1-5C1420266C7F}.AppStore|Any CPU.Build.0 = Release|Any CPU
		{439B6E4E-3AEE-4012-ACB1-5C1420266C7F}.AppStore|Any CPU.Deploy.0 = Release|Any CPU
		{439B6E4E-3AEE-4012-ACB1-5C1420266C7F}.AppStore|ARM.ActiveCfg = Release|Any CPU
		{439B6E4E-3AEE-4012-ACB1-5C1420266C7F}.AppStore|ARM.Build.0 = Release|Any CPU
		{439B6E4E-3AEE-4012-ACB1-5C1420266C7F}.AppStore|ARM.Deploy.0 = Release|Any CPU
		{439B6E4E-3AEE-4012-ACB1-5C1420266C7F}.AppStore|iPhone.ActiveCfg = Release|Any CPU
		{439B6E4E-3AEE-4012-ACB1-5C1420266C7F}.AppStore|iPhone.Build.0 = Release|Any CPU
		{439B6E4E-3AEE-4012-ACB1-5C1420266C7F}.AppStore|iPhone.Deploy.0 = Release|Any CPU
		{439B6E4E-3AEE-4012-ACB1-5C1420266C7F}.AppStore|iPhoneSimulator.ActiveCfg = Release|Any CPU
		{439B6E4E-3AEE-4012-ACB1-5C1420266C7F}.AppStore|iPhoneSimulator.Build.0 = Release|Any CPU
		{439B6E4E-3AEE-4012-ACB1-5C1420266C7F}.AppStore|iPhoneSimulator.Deploy.0 = Release|Any CPU
		{439B6E4E-3AEE-4012-ACB1-5C1420266C7F}.AppStore|x64.ActiveCfg = Release|Any CPU
		{439B6E4E-3AEE-4012-ACB1-5C1420266C7F}.AppStore|x64.Build.0 = Release|Any CPU
		{439B6E4E-3AEE-4012-ACB1-5C1420266C7F}.AppStore|x64.Deploy.0 = Release|Any CPU
		{439B6E4E-3AEE-4012-ACB1-5C1420266C7F}.AppStore|x86.ActiveCfg = Release|Any CPU
		{439B6E4E-3AEE-4012-ACB1-5C1420266C7F}.AppStore|x86.Build.0 = Release|Any CPU
		{439B6E4E-3AEE-4012-ACB1-5C1420266C7F}.AppStore|x86.Deploy.0 = Release|Any CPU
		{439B6E4E-3AEE-4012-ACB1-5C1420266C7F}.Debug|Any CPU.ActiveCfg = Debug|Any CPU
		{439B6E4E-3AEE-4012-ACB1-5C1420266C7F}.Debug|Any CPU.Build.0 = Debug|Any CPU
		{439B6E4E-3AEE-4012-ACB1-5C1420266C7F}.Debug|Any CPU.Deploy.0 = Debug|Any CPU
		{439B6E4E-3AEE-4012-ACB1-5C1420266C7F}.Debug|ARM.ActiveCfg = Debug|Any CPU
		{439B6E4E-3AEE-4012-ACB1-5C1420266C7F}.Debug|ARM.Build.0 = Debug|Any CPU
		{439B6E4E-3AEE-4012-ACB1-5C1420266C7F}.Debug|ARM.Deploy.0 = Debug|Any CPU
		{439B6E4E-3AEE-4012-ACB1-5C1420266C7F}.Debug|iPhone.ActiveCfg = Debug|Any CPU
		{439B6E4E-3AEE-4012-ACB1-5C1420266C7F}.Debug|iPhone.Build.0 = Debug|Any CPU
		{439B6E4E-3AEE-4012-ACB1-5C1420266C7F}.Debug|iPhone.Deploy.0 = Debug|Any CPU
		{439B6E4E-3AEE-4012-ACB1-5C1420266C7F}.Debug|iPhoneSimulator.ActiveCfg = Debug|Any CPU
		{439B6E4E-3AEE-4012-ACB1-5C1420266C7F}.Debug|iPhoneSimulator.Build.0 = Debug|Any CPU
		{439B6E4E-3AEE-4012-ACB1-5C1420266C7F}.Debug|iPhoneSimulator.Deploy.0 = Debug|Any CPU
		{439B6E4E-3AEE-4012-ACB1-5C1420266C7F}.Debug|x64.ActiveCfg = Debug|Any CPU
		{439B6E4E-3AEE-4012-ACB1-5C1420266C7F}.Debug|x64.Build.0 = Debug|Any CPU
		{439B6E4E-3AEE-4012-ACB1-5C1420266C7F}.Debug|x64.Deploy.0 = Debug|Any CPU
		{439B6E4E-3AEE-4012-ACB1-5C1420266C7F}.Debug|x86.ActiveCfg = Debug|Any CPU
		{439B6E4E-3AEE-4012-ACB1-5C1420266C7F}.Debug|x86.Build.0 = Debug|Any CPU
		{439B6E4E-3AEE-4012-ACB1-5C1420266C7F}.Debug|x86.Deploy.0 = Debug|Any CPU
		{439B6E4E-3AEE-4012-ACB1-5C1420266C7F}.Release|Any CPU.ActiveCfg = Release|Any CPU
		{439B6E4E-3AEE-4012-ACB1-5C1420266C7F}.Release|Any CPU.Build.0 = Release|Any CPU
		{439B6E4E-3AEE-4012-ACB1-5C1420266C7F}.Release|Any CPU.Deploy.0 = Release|Any CPU
		{439B6E4E-3AEE-4012-ACB1-5C1420266C7F}.Release|ARM.ActiveCfg = Release|Any CPU
		{439B6E4E-3AEE-4012-ACB1-5C1420266C7F}.Release|ARM.Build.0 = Release|Any CPU
		{439B6E4E-3AEE-4012-ACB1-5C1420266C7F}.Release|ARM.Deploy.0 = Release|Any CPU
		{439B6E4E-3AEE-4012-ACB1-5C1420266C7F}.Release|iPhone.ActiveCfg = Release|Any CPU
		{439B6E4E-3AEE-4012-ACB1-5C1420266C7F}.Release|iPhone.Build.0 = Release|Any CPU
		{439B6E4E-3AEE-4012-ACB1-5C1420266C7F}.Release|iPhone.Deploy.0 = Release|Any CPU
		{439B6E4E-3AEE-4012-ACB1-5C1420266C7F}.Release|iPhoneSimulator.ActiveCfg = Release|Any CPU
		{439B6E4E-3AEE-4012-ACB1-5C1420266C7F}.Release|iPhoneSimulator.Build.0 = Release|Any CPU
		{439B6E4E-3AEE-4012-ACB1-5C1420266C7F}.Release|iPhoneSimulator.Deploy.0 = Release|Any CPU
		{439B6E4E-3AEE-4012-ACB1-5C1420266C7F}.Release|x64.ActiveCfg = Release|Any CPU
		{439B6E4E-3AEE-4012-ACB1-5C1420266C7F}.Release|x64.Build.0 = Release|Any CPU
		{439B6E4E-3AEE-4012-ACB1-5C1420266C7F}.Release|x64.Deploy.0 = Release|Any CPU
		{439B6E4E-3AEE-4012-ACB1-5C1420266C7F}.Release|x86.ActiveCfg = Release|Any CPU
		{439B6E4E-3AEE-4012-ACB1-5C1420266C7F}.Release|x86.Build.0 = Release|Any CPU
		{439B6E4E-3AEE-4012-ACB1-5C1420266C7F}.Release|x86.Deploy.0 = Release|Any CPU
		{87F31B15-03E2-4DE1-A9BF-D8D71C43E24A}.Ad-Hoc|Any CPU.ActiveCfg = Ad-Hoc|iPhone
		{87F31B15-03E2-4DE1-A9BF-D8D71C43E24A}.Ad-Hoc|ARM.ActiveCfg = Ad-Hoc|iPhone
		{87F31B15-03E2-4DE1-A9BF-D8D71C43E24A}.Ad-Hoc|iPhone.ActiveCfg = Ad-Hoc|iPhone
		{87F31B15-03E2-4DE1-A9BF-D8D71C43E24A}.Ad-Hoc|iPhone.Build.0 = Ad-Hoc|iPhone
		{87F31B15-03E2-4DE1-A9BF-D8D71C43E24A}.Ad-Hoc|iPhoneSimulator.ActiveCfg = Ad-Hoc|iPhoneSimulator
		{87F31B15-03E2-4DE1-A9BF-D8D71C43E24A}.Ad-Hoc|iPhoneSimulator.Build.0 = Ad-Hoc|iPhoneSimulator
		{87F31B15-03E2-4DE1-A9BF-D8D71C43E24A}.Ad-Hoc|x64.ActiveCfg = Ad-Hoc|iPhone
		{87F31B15-03E2-4DE1-A9BF-D8D71C43E24A}.Ad-Hoc|x86.ActiveCfg = Ad-Hoc|iPhone
		{87F31B15-03E2-4DE1-A9BF-D8D71C43E24A}.AppStore|Any CPU.ActiveCfg = AppStore|iPhone
		{87F31B15-03E2-4DE1-A9BF-D8D71C43E24A}.AppStore|ARM.ActiveCfg = AppStore|iPhone
		{87F31B15-03E2-4DE1-A9BF-D8D71C43E24A}.AppStore|iPhone.ActiveCfg = AppStore|iPhone
		{87F31B15-03E2-4DE1-A9BF-D8D71C43E24A}.AppStore|iPhone.Build.0 = AppStore|iPhone
		{87F31B15-03E2-4DE1-A9BF-D8D71C43E24A}.AppStore|iPhoneSimulator.ActiveCfg = AppStore|iPhoneSimulator
		{87F31B15-03E2-4DE1-A9BF-D8D71C43E24A}.AppStore|iPhoneSimulator.Build.0 = AppStore|iPhoneSimulator
		{87F31B15-03E2-4DE1-A9BF-D8D71C43E24A}.AppStore|x64.ActiveCfg = AppStore|iPhone
		{87F31B15-03E2-4DE1-A9BF-D8D71C43E24A}.AppStore|x86.ActiveCfg = AppStore|iPhone
		{87F31B15-03E2-4DE1-A9BF-D8D71C43E24A}.Debug|Any CPU.ActiveCfg = Debug|iPhone
		{87F31B15-03E2-4DE1-A9BF-D8D71C43E24A}.Debug|ARM.ActiveCfg = Debug|iPhone
		{87F31B15-03E2-4DE1-A9BF-D8D71C43E24A}.Debug|iPhone.ActiveCfg = Debug|iPhone
		{87F31B15-03E2-4DE1-A9BF-D8D71C43E24A}.Debug|iPhone.Build.0 = Debug|iPhone
		{87F31B15-03E2-4DE1-A9BF-D8D71C43E24A}.Debug|iPhoneSimulator.ActiveCfg = Debug|iPhoneSimulator
		{87F31B15-03E2-4DE1-A9BF-D8D71C43E24A}.Debug|iPhoneSimulator.Build.0 = Debug|iPhoneSimulator
		{87F31B15-03E2-4DE1-A9BF-D8D71C43E24A}.Debug|x64.ActiveCfg = Debug|iPhone
		{87F31B15-03E2-4DE1-A9BF-D8D71C43E24A}.Debug|x86.ActiveCfg = Debug|iPhone
		{87F31B15-03E2-4DE1-A9BF-D8D71C43E24A}.Release|Any CPU.ActiveCfg = Release|iPhone
		{87F31B15-03E2-4DE1-A9BF-D8D71C43E24A}.Release|ARM.ActiveCfg = Release|iPhone
		{87F31B15-03E2-4DE1-A9BF-D8D71C43E24A}.Release|iPhone.ActiveCfg = Release|iPhone
		{87F31B15-03E2-4DE1-A9BF-D8D71C43E24A}.Release|iPhone.Build.0 = Release|iPhone
		{87F31B15-03E2-4DE1-A9BF-D8D71C43E24A}.Release|iPhoneSimulator.ActiveCfg = Release|iPhoneSimulator
		{87F31B15-03E2-4DE1-A9BF-D8D71C43E24A}.Release|iPhoneSimulator.Build.0 = Release|iPhoneSimulator
		{87F31B15-03E2-4DE1-A9BF-D8D71C43E24A}.Release|x64.ActiveCfg = Release|iPhone
		{87F31B15-03E2-4DE1-A9BF-D8D71C43E24A}.Release|x86.ActiveCfg = Release|iPhone
		{E2CFEC44-F6C2-4677-9876-F18BCA087566}.Ad-Hoc|Any CPU.ActiveCfg = Release|x86
		{E2CFEC44-F6C2-4677-9876-F18BCA087566}.Ad-Hoc|Any CPU.Build.0 = Release|x86
		{E2CFEC44-F6C2-4677-9876-F18BCA087566}.Ad-Hoc|Any CPU.Deploy.0 = Release|x86
		{E2CFEC44-F6C2-4677-9876-F18BCA087566}.Ad-Hoc|ARM.ActiveCfg = Release|ARM
		{E2CFEC44-F6C2-4677-9876-F18BCA087566}.Ad-Hoc|ARM.Build.0 = Release|ARM
		{E2CFEC44-F6C2-4677-9876-F18BCA087566}.Ad-Hoc|ARM.Deploy.0 = Release|ARM
		{E2CFEC44-F6C2-4677-9876-F18BCA087566}.Ad-Hoc|iPhone.ActiveCfg = Release|x86
		{E2CFEC44-F6C2-4677-9876-F18BCA087566}.Ad-Hoc|iPhone.Build.0 = Release|x86
		{E2CFEC44-F6C2-4677-9876-F18BCA087566}.Ad-Hoc|iPhone.Deploy.0 = Release|x86
		{E2CFEC44-F6C2-4677-9876-F18BCA087566}.Ad-Hoc|iPhoneSimulator.ActiveCfg = Release|x86
		{E2CFEC44-F6C2-4677-9876-F18BCA087566}.Ad-Hoc|iPhoneSimulator.Build.0 = Release|x86
		{E2CFEC44-F6C2-4677-9876-F18BCA087566}.Ad-Hoc|iPhoneSimulator.Deploy.0 = Release|x86
		{E2CFEC44-F6C2-4677-9876-F18BCA087566}.Ad-Hoc|x64.ActiveCfg = Release|x64
		{E2CFEC44-F6C2-4677-9876-F18BCA087566}.Ad-Hoc|x64.Build.0 = Release|x64
		{E2CFEC44-F6C2-4677-9876-F18BCA087566}.Ad-Hoc|x64.Deploy.0 = Release|x64
		{E2CFEC44-F6C2-4677-9876-F18BCA087566}.Ad-Hoc|x86.ActiveCfg = Release|x86
		{E2CFEC44-F6C2-4677-9876-F18BCA087566}.Ad-Hoc|x86.Build.0 = Release|x86
		{E2CFEC44-F6C2-4677-9876-F18BCA087566}.Ad-Hoc|x86.Deploy.0 = Release|x86
		{E2CFEC44-F6C2-4677-9876-F18BCA087566}.AppStore|Any CPU.ActiveCfg = Release|x86
		{E2CFEC44-F6C2-4677-9876-F18BCA087566}.AppStore|Any CPU.Build.0 = Release|x86
		{E2CFEC44-F6C2-4677-9876-F18BCA087566}.AppStore|Any CPU.Deploy.0 = Release|x86
		{E2CFEC44-F6C2-4677-9876-F18BCA087566}.AppStore|ARM.ActiveCfg = Release|ARM
		{E2CFEC44-F6C2-4677-9876-F18BCA087566}.AppStore|ARM.Build.0 = Release|ARM
		{E2CFEC44-F6C2-4677-9876-F18BCA087566}.AppStore|ARM.Deploy.0 = Release|ARM
		{E2CFEC44-F6C2-4677-9876-F18BCA087566}.AppStore|iPhone.ActiveCfg = Release|x86
		{E2CFEC44-F6C2-4677-9876-F18BCA087566}.AppStore|iPhone.Build.0 = Release|x86
		{E2CFEC44-F6C2-4677-9876-F18BCA087566}.AppStore|iPhone.Deploy.0 = Release|x86
		{E2CFEC44-F6C2-4677-9876-F18BCA087566}.AppStore|iPhoneSimulator.ActiveCfg = Release|x86
		{E2CFEC44-F6C2-4677-9876-F18BCA087566}.AppStore|iPhoneSimulator.Build.0 = Release|x86
		{E2CFEC44-F6C2-4677-9876-F18BCA087566}.AppStore|iPhoneSimulator.Deploy.0 = Release|x86
		{E2CFEC44-F6C2-4677-9876-F18BCA087566}.AppStore|x64.ActiveCfg = Release|x64
		{E2CFEC44-F6C2-4677-9876-F18BCA087566}.AppStore|x64.Build.0 = Release|x64
		{E2CFEC44-F6C2-4677-9876-F18BCA087566}.AppStore|x64.Deploy.0 = Release|x64
		{E2CFEC44-F6C2-4677-9876-F18BCA087566}.AppStore|x86.ActiveCfg = Release|x86
		{E2CFEC44-F6C2-4677-9876-F18BCA087566}.AppStore|x86.Build.0 = Release|x86
		{E2CFEC44-F6C2-4677-9876-F18BCA087566}.AppStore|x86.Deploy.0 = Release|x86
		{E2CFEC44-F6C2-4677-9876-F18BCA087566}.Debug|Any CPU.ActiveCfg = Debug|x86
		{E2CFEC44-F6C2-4677-9876-F18BCA087566}.Debug|ARM.ActiveCfg = Debug|ARM
		{E2CFEC44-F6C2-4677-9876-F18BCA087566}.Debug|ARM.Build.0 = Debug|ARM
		{E2CFEC44-F6C2-4677-9876-F18BCA087566}.Debug|ARM.Deploy.0 = Debug|ARM
		{E2CFEC44-F6C2-4677-9876-F18BCA087566}.Debug|iPhone.ActiveCfg = Debug|x86
		{E2CFEC44-F6C2-4677-9876-F18BCA087566}.Debug|iPhoneSimulator.ActiveCfg = Debug|x86
		{E2CFEC44-F6C2-4677-9876-F18BCA087566}.Debug|x64.ActiveCfg = Debug|x64
		{E2CFEC44-F6C2-4677-9876-F18BCA087566}.Debug|x64.Build.0 = Debug|x64
		{E2CFEC44-F6C2-4677-9876-F18BCA087566}.Debug|x64.Deploy.0 = Debug|x64
		{E2CFEC44-F6C2-4677-9876-F18BCA087566}.Debug|x86.ActiveCfg = Debug|x86
		{E2CFEC44-F6C2-4677-9876-F18BCA087566}.Debug|x86.Build.0 = Debug|x86
		{E2CFEC44-F6C2-4677-9876-F18BCA087566}.Debug|x86.Deploy.0 = Debug|x86
		{E2CFEC44-F6C2-4677-9876-F18BCA087566}.Release|Any CPU.ActiveCfg = Release|x86
		{E2CFEC44-F6C2-4677-9876-F18BCA087566}.Release|ARM.ActiveCfg = Release|ARM
		{E2CFEC44-F6C2-4677-9876-F18BCA087566}.Release|ARM.Build.0 = Release|ARM
		{E2CFEC44-F6C2-4677-9876-F18BCA087566}.Release|ARM.Deploy.0 = Release|ARM
		{E2CFEC44-F6C2-4677-9876-F18BCA087566}.Release|iPhone.ActiveCfg = Release|x86
		{E2CFEC44-F6C2-4677-9876-F18BCA087566}.Release|iPhoneSimulator.ActiveCfg = Release|x86
		{E2CFEC44-F6C2-4677-9876-F18BCA087566}.Release|x64.ActiveCfg = Release|x64
		{E2CFEC44-F6C2-4677-9876-F18BCA087566}.Release|x64.Build.0 = Release|x64
		{E2CFEC44-F6C2-4677-9876-F18BCA087566}.Release|x64.Deploy.0 = Release|x64
		{E2CFEC44-F6C2-4677-9876-F18BCA087566}.Release|x86.ActiveCfg = Release|x86
		{E2CFEC44-F6C2-4677-9876-F18BCA087566}.Release|x86.Build.0 = Release|x86
		{E2CFEC44-F6C2-4677-9876-F18BCA087566}.Release|x86.Deploy.0 = Release|x86
		{5C554D1D-0AB5-437B-87A9-46A88A9E9DCF}.Ad-Hoc|Any CPU.ActiveCfg = Debug|Any CPU
		{5C554D1D-0AB5-437B-87A9-46A88A9E9DCF}.Ad-Hoc|Any CPU.Build.0 = Debug|Any CPU
		{5C554D1D-0AB5-437B-87A9-46A88A9E9DCF}.Ad-Hoc|ARM.ActiveCfg = Debug|Any CPU
		{5C554D1D-0AB5-437B-87A9-46A88A9E9DCF}.Ad-Hoc|ARM.Build.0 = Debug|Any CPU
		{5C554D1D-0AB5-437B-87A9-46A88A9E9DCF}.Ad-Hoc|iPhone.ActiveCfg = Debug|Any CPU
		{5C554D1D-0AB5-437B-87A9-46A88A9E9DCF}.Ad-Hoc|iPhone.Build.0 = Debug|Any CPU
		{5C554D1D-0AB5-437B-87A9-46A88A9E9DCF}.Ad-Hoc|iPhoneSimulator.ActiveCfg = Debug|Any CPU
		{5C554D1D-0AB5-437B-87A9-46A88A9E9DCF}.Ad-Hoc|iPhoneSimulator.Build.0 = Debug|Any CPU
		{5C554D1D-0AB5-437B-87A9-46A88A9E9DCF}.Ad-Hoc|x64.ActiveCfg = Debug|Any CPU
		{5C554D1D-0AB5-437B-87A9-46A88A9E9DCF}.Ad-Hoc|x64.Build.0 = Debug|Any CPU
		{5C554D1D-0AB5-437B-87A9-46A88A9E9DCF}.Ad-Hoc|x86.ActiveCfg = Debug|Any CPU
		{5C554D1D-0AB5-437B-87A9-46A88A9E9DCF}.Ad-Hoc|x86.Build.0 = Debug|Any CPU
		{5C554D1D-0AB5-437B-87A9-46A88A9E9DCF}.AppStore|Any CPU.ActiveCfg = Debug|Any CPU
		{5C554D1D-0AB5-437B-87A9-46A88A9E9DCF}.AppStore|Any CPU.Build.0 = Debug|Any CPU
		{5C554D1D-0AB5-437B-87A9-46A88A9E9DCF}.AppStore|ARM.ActiveCfg = Debug|Any CPU
		{5C554D1D-0AB5-437B-87A9-46A88A9E9DCF}.AppStore|ARM.Build.0 = Debug|Any CPU
		{5C554D1D-0AB5-437B-87A9-46A88A9E9DCF}.AppStore|iPhone.ActiveCfg = Debug|Any CPU
		{5C554D1D-0AB5-437B-87A9-46A88A9E9DCF}.AppStore|iPhone.Build.0 = Debug|Any CPU
		{5C554D1D-0AB5-437B-87A9-46A88A9E9DCF}.AppStore|iPhoneSimulator.ActiveCfg = Debug|Any CPU
		{5C554D1D-0AB5-437B-87A9-46A88A9E9DCF}.AppStore|iPhoneSimulator.Build.0 = Debug|Any CPU
		{5C554D1D-0AB5-437B-87A9-46A88A9E9DCF}.AppStore|x64.ActiveCfg = Debug|Any CPU
		{5C554D1D-0AB5-437B-87A9-46A88A9E9DCF}.AppStore|x64.Build.0 = Debug|Any CPU
		{5C554D1D-0AB5-437B-87A9-46A88A9E9DCF}.AppStore|x86.ActiveCfg = Debug|Any CPU
		{5C554D1D-0AB5-437B-87A9-46A88A9E9DCF}.AppStore|x86.Build.0 = Debug|Any CPU
		{5C554D1D-0AB5-437B-87A9-46A88A9E9DCF}.Debug|Any CPU.ActiveCfg = Debug|Any CPU
		{5C554D1D-0AB5-437B-87A9-46A88A9E9DCF}.Debug|Any CPU.Build.0 = Debug|Any CPU
		{5C554D1D-0AB5-437B-87A9-46A88A9E9DCF}.Debug|ARM.ActiveCfg = Debug|Any CPU
		{5C554D1D-0AB5-437B-87A9-46A88A9E9DCF}.Debug|ARM.Build.0 = Debug|Any CPU
		{5C554D1D-0AB5-437B-87A9-46A88A9E9DCF}.Debug|iPhone.ActiveCfg = Debug|Any CPU
		{5C554D1D-0AB5-437B-87A9-46A88A9E9DCF}.Debug|iPhone.Build.0 = Debug|Any CPU
		{5C554D1D-0AB5-437B-87A9-46A88A9E9DCF}.Debug|iPhoneSimulator.ActiveCfg = Debug|Any CPU
		{5C554D1D-0AB5-437B-87A9-46A88A9E9DCF}.Debug|iPhoneSimulator.Build.0 = Debug|Any CPU
		{5C554D1D-0AB5-437B-87A9-46A88A9E9DCF}.Debug|x64.ActiveCfg = Debug|Any CPU
		{5C554D1D-0AB5-437B-87A9-46A88A9E9DCF}.Debug|x64.Build.0 = Debug|Any CPU
		{5C554D1D-0AB5-437B-87A9-46A88A9E9DCF}.Debug|x86.ActiveCfg = Debug|Any CPU
		{5C554D1D-0AB5-437B-87A9-46A88A9E9DCF}.Debug|x86.Build.0 = Debug|Any CPU
		{5C554D1D-0AB5-437B-87A9-46A88A9E9DCF}.Release|Any CPU.ActiveCfg = Release|Any CPU
		{5C554D1D-0AB5-437B-87A9-46A88A9E9DCF}.Release|Any CPU.Build.0 = Release|Any CPU
		{5C554D1D-0AB5-437B-87A9-46A88A9E9DCF}.Release|ARM.ActiveCfg = Release|Any CPU
		{5C554D1D-0AB5-437B-87A9-46A88A9E9DCF}.Release|ARM.Build.0 = Release|Any CPU
		{5C554D1D-0AB5-437B-87A9-46A88A9E9DCF}.Release|iPhone.ActiveCfg = Release|Any CPU
		{5C554D1D-0AB5-437B-87A9-46A88A9E9DCF}.Release|iPhone.Build.0 = Release|Any CPU
		{5C554D1D-0AB5-437B-87A9-46A88A9E9DCF}.Release|iPhoneSimulator.ActiveCfg = Release|Any CPU
		{5C554D1D-0AB5-437B-87A9-46A88A9E9DCF}.Release|iPhoneSimulator.Build.0 = Release|Any CPU
		{5C554D1D-0AB5-437B-87A9-46A88A9E9DCF}.Release|x64.ActiveCfg = Release|Any CPU
		{5C554D1D-0AB5-437B-87A9-46A88A9E9DCF}.Release|x64.Build.0 = Release|Any CPU
		{5C554D1D-0AB5-437B-87A9-46A88A9E9DCF}.Release|x86.ActiveCfg = Release|Any CPU
		{5C554D1D-0AB5-437B-87A9-46A88A9E9DCF}.Release|x86.Build.0 = Release|Any CPU
	EndGlobalSection
	GlobalSection(SolutionProperties) = preSolution
		HideSolutionNode = FALSE
	EndGlobalSection
	GlobalSection(ExtensibilityGlobals) = postSolution
		SolutionGuid = {437DE51A-D644-4DC6-954E-33AF36D36418}
	EndGlobalSection
EndGlobal
